{
  "version": 4,
  "terraform_version": "0.14.8",
  "serial": 2,
  "lineage": "e543ff3e-47a4-221c-43dd-ef2d4e77b3e3",
  "outputs": {
    "switch_tv_resource": {
      "value": {
        "cidr": "10.7.1.13/24",
        "dhcp": false,
        "gateway": "10.7.1.1",
        "id": "38:94:ed:1a:57:f1",
        "mac": "38:94:ed:1a:57:f1",
        "model": "GS308E",
        "name": "switch-tv",
        "port": [
          {
            "id": 7,
            "pvid": 1,
            "tagged": [],
            "untagged": [
              1
            ]
          },
          {
            "id": 8,
            "pvid": 1,
            "tagged": [
              200
            ],
            "untagged": [
              1
            ]
          }
        ],
        "port_count": 8,
        "vlan_mode": "tagged"
      },
      "type": [
        "object",
        {
          "cidr": "string",
          "dhcp": "bool",
          "gateway": "string",
          "id": "string",
          "mac": "string",
          "model": "string",
          "name": "string",
          "port": [
            "set",
            [
              "object",
              {
                "id": "number",
                "pvid": "number",
                "tagged": [
                  "set",
                  "number"
                ],
                "untagged": [
                  "set",
                  "number"
                ]
              }
            ]
          ],
          "port_count": "number",
          "vlan_mode": "string"
        }
      ]
    }
  },
  "resources": [
    {
      "mode": "managed",
      "type": "gs308e_switch",
      "name": "switch_tv",
      "provider": "provider[\"andrekupka.de/ntgr/gs308e\"]",
      "instances": [
        {
          "schema_version": 0,
          "attributes": {
            "cidr": "10.7.1.13/24",
            "dhcp": false,
            "gateway": "10.7.1.1",
            "id": "38:94:ed:1a:57:f1",
            "mac": "38:94:ed:1a:57:f1",
            "model": "GS308E",
            "name": "switch-tv",
            "port": [
              {
                "id": 7,
                "pvid": 1,
                "tagged": [],
                "untagged": [
                  1
                ]
              },
              {
                "id": 8,
                "pvid": 1,
                "tagged": [
                  200
                ],
                "untagged": [
                  1
                ]
              }
            ],
            "port_count": 8,
            "vlan_mode": "tagged"
          },
          "sensitive_attributes": [],
          "private": "bnVsbA=="
        }
      ]
    }
  ]
}
