{
  "version": 4,
  "terraform_version": "0.14.8",
  "serial": 4,
  "lineage": "0dfe931b-df32-8175-7394-c5198326c3c1",
  "outputs": {
    "switch_tv_resource": {
      "value": {
        "dhcp": false,
        "gateway": "10.7.1.1",
        "id": "38:94:ed:1a:57:f1",
        "ip": "10.7.1.18",
        "mac": "38:94:ed:1a:57:f1",
        "name": "switch-tv",
        "prefix_length": 24
      },
      "type": [
        "object",
        {
          "dhcp": "bool",
          "gateway": "string",
          "id": "string",
          "ip": "string",
          "mac": "string",
          "name": "string",
          "prefix_length": "number"
        }
      ]
    }
  },
  "resources": [
    {
      "mode": "managed",
      "type": "gs308e_switch",
      "name": "switch_tv",
      "provider": "provider[\"andrekupka.de/ntgr/gs308e\"]",
      "instances": [
        {
          "schema_version": 0,
          "attributes": {
            "dhcp": false,
            "gateway": "10.7.1.1",
            "id": "38:94:ed:1a:57:f1",
            "ip": "10.7.1.18",
            "mac": "38:94:ed:1a:57:f1",
            "name": "switch-tv",
            "prefix_length": 24
          },
          "sensitive_attributes": [],
          "private": "bnVsbA=="
        }
      ]
    }
  ]
}
